
Microsoft Visual Studio Solution File, Format Version 12.00
# Visual Studio Version 18
VisualStudioVersion = 18.2.11415.280
MinimumVisualStudioVersion = 10.0.40219.1
Project("{FAE04EC0-301F-11D3-BF4B-00C04F79EFBC}") = "P02.1_Viewler_View-Veri-Tasima", "P02_Viewler_View-Veri-Tasima\P02.1_Viewler_View-Veri-Tasima.csproj", "{D6E974E3-6247-49B8-A4CF-A7FCD27E5EB5}"
EndProject
Project("{2150E333-8FDC-42A3-9474-1A3956D46DE8}") = "P02_Viewler", "P02_Viewler", "{02EA681E-C7D8-13C7-8484-4AC65E1B71E8}"
EndProject
Project("{FAE04EC0-301F-11D3-BF4B-00C04F79EFBC}") = "P02.2_Viewler_Razor-View", "P02_Razor-View\P02.2_Viewler_Razor-View.csproj", "{FDEDF555-E56E-498D-8E91-C5E64E5C624A}"
EndProject
Project("{2150E333-8FDC-42A3-9474-1A3956D46DE8}") = "P04_ModelBinding", "P04_ModelBinding", "{8667A8BC-A6DB-4B80-856A-D160D4343726}"
EndProject
Project("{FAE04EC0-301F-11D3-BF4B-00C04F79EFBC}") = "ModelBinding", "ModelBinding\ModelBinding.csproj", "{EE261F38-990C-4F53-9F17-6D53DA814218}"
EndProject
Project("{2150E333-8FDC-42A3-9474-1A3956D46DE8}") = "P05_Kullanicidan-Veri-Alma", "P05_Kullanicidan-Veri-Alma", "{D10C1F55-4D34-4F49-A497-30C4A5ABC5C0}"
EndProject
Project("{FAE04EC0-301F-11D3-BF4B-00C04F79EFBC}") = "P05.01_Form-ile-Veri-Alma", "P05.01_Form-ile-Veri-Alma\P05.01_Form-ile-Veri-Alma.csproj", "{D03EC7E2-F99E-4AFA-9B1B-2A36C7CF849A}"
EndProject
Project("{FAE04EC0-301F-11D3-BF4B-00C04F79EFBC}") = "P05.02_QueryString-Uzerinden-Veri_Alma", "P05.02_QueryString-Uzerinden-Veri_Alma\P05.02_QueryString-Uzerinden-Veri_Alma.csproj", "{0F9C84EF-F9D7-45A8-876F-3B931B19E7B6}"
EndProject
Project("{FAE04EC0-301F-11D3-BF4B-00C04F79EFBC}") = "P05.03_Route-Paramaetreleri-ile-Veri-Alma", "P05.03_Route-Paramaetreleri-ile-Veri-Alma\P05.03_Route-Paramaetreleri-ile-Veri-Alma.csproj", "{0774D50B-5294-46B8-918E-FEE87E29537A}"
EndProject
Project("{FAE04EC0-301F-11D3-BF4B-00C04F79EFBC}") = "P05.03_Tuple-Nesne-Binding", "P05.03_Tuple-Nesne-Post-Yakalma-Islemleri\P05.03_Tuple-Nesne-Binding.csproj", "{413BD5C3-4350-4AE5-AEA4-1A4EFBC6C4F1}"
EndProject
Project("{2150E333-8FDC-42A3-9474-1A3956D46DE8}") = "P05.06_Validations", "P05.06_Validations", "{0BCBC2B4-47F5-4C3B-95A4-FE9CE06CCE2B}"
EndProject
Project("{FAE04EC0-301F-11D3-BF4B-00C04F79EFBC}") = "P05.01_Validation", "P05.01_Validation\P05.01_Validation.csproj", "{DCFBB296-889E-4F75-B30C-C42FFBB473ED}"
EndProject
Project("{FAE04EC0-301F-11D3-BF4B-00C04F79EFBC}") = "P05.02_Validationları-Baska-Sinifta-Tutma-ModelMetaDataType", "P05.02_Validationları-Baska-Sinifta-Tutma-ModelMetaDataType\P05.02_Validationları-Baska-Sinifta-Tutma-ModelMetaDataType.csproj", "{B075460E-C896-49E5-8F7E-6FE952227721}"
EndProject
Project("{FAE04EC0-301F-11D3-BF4B-00C04F79EFBC}") = "P05.03_Fluent-Validation", "P05.03_Fluent-Validation\P05.03_Fluent-Validation.csproj", "{A4AD2986-4CA1-4309-B058-7D0516976F11}"
EndProject
Project("{FAE04EC0-301F-11D3-BF4B-00C04F79EFBC}") = "P05.04_Server_Validationlari_Cilent_Tabanlı_Uygulama", "P05.04_Server_Validationlari_Cilent_Tabanlı_Uygulama\P05.04_Server_Validationlari_Cilent_Tabanlı_Uygulama.csproj", "{B442788B-09A7-4F07-8339-A960267846E0}"
EndProject
Project("{2150E333-8FDC-42A3-9474-1A3956D46DE8}") = "P06_Layout", "P06_Layout", "{15AA5FA5-8F2D-4B23-9DDA-55F171EFA9A4}"
EndProject
Project("{FAE04EC0-301F-11D3-BF4B-00C04F79EFBC}") = "P06_Layout-ViewStar-ViewImpor", "P06_Layout\P06_Layout-ViewStar-ViewImpor.csproj", "{7BA0EA59-D9E5-4E1B-BA26-FE7F5B2CEE90}"
EndProject
Project("{2150E333-8FDC-42A3-9474-1A3956D46DE8}") = "P07_Moduler-Tasarim-Yapilanmasi", "P07_Moduler-Tasarim-Yapilanmasi", "{E4B2EC9B-BD67-46E8-A898-8C0F34B26F93}"
EndProject
Project("{FAE04EC0-301F-11D3-BF4B-00C04F79EFBC}") = "P07_Moduler-Tasarim-Yapilanmasi-PartialView", "P07_Moduler-Tasarim-Yapilanmasi\P07_Moduler-Tasarim-Yapilanmasi-PartialView.csproj", "{912ED5BC-72E1-438E-B182-99E07AD2605E}"
EndProject
Project("{FAE04EC0-301F-11D3-BF4B-00C04F79EFBC}") = "P07_Moduler-TasarimYapilanmasi-ViewComponent", "P07_Moduler-TasarimYapilanmasi-ViewComponent\P07_Moduler-TasarimYapilanmasi-ViewComponent.csproj", "{3CA08894-2616-4FFE-A848-C15E43C04C30}"
EndProject
Project("{2150E333-8FDC-42A3-9474-1A3956D46DE8}") = "P08_Route-Yapilanması", "P08_Route-Yapilanması", "{96F0297A-8465-4E6D-AF52-02CDD4E9B29D}"
EndProject
Project("{FAE04EC0-301F-11D3-BF4B-00C04F79EFBC}") = "P08.01_Route-Yapilanmasi", "P07_Route-Yapilanmasi\P08.01_Route-Yapilanmasi.csproj", "{60461E0C-DB7D-431C-AD2A-3981B2E84600}"
EndProject
Project("{FAE04EC0-301F-11D3-BF4B-00C04F79EFBC}") = "P08.02_Custom-Route-Handler", "P08.02_Custom-Route-Handler\P08.02_Custom-Route-Handler.csproj", "{D110FA6D-6041-4AD6-BE7E-42D4EB6FF159}"
EndProject
Project("{2150E333-8FDC-42A3-9474-1A3956D46DE8}") = "P09_Middleware", "P09_Middleware", "{31894294-9860-4E6F-820A-3DB2497138CC}"
EndProject
Project("{FAE04EC0-301F-11D3-BF4B-00C04F79EFBC}") = "P09.01_Middleware-Turleri", "P09_Middleware\P09.01_Middleware-Turleri.csproj", "{AA55CCA6-0485-4996-9D30-910172D15084}"
EndProject
Project("{FAE04EC0-301F-11D3-BF4B-00C04F79EFBC}") = "P09.02_Custom-Middleware", "P09.01_Custom-Middleware\P09.02_Custom-Middleware.csproj", "{A849BF20-2E29-4DEE-ADA6-2AEA7E276503}"
EndProject
Project("{2150E333-8FDC-42A3-9474-1A3956D46DE8}") = "P11_Areas", "P11_Areas", "{E6BCDBD8-9E98-4F22-BC4A-4ABAAAD3075F}"
EndProject
Project("{FAE04EC0-301F-11D3-BF4B-00C04F79EFBC}") = "P11_Areas", "P11_Areas\P11_Areas.csproj", "{37B17956-96A0-402F-B01A-528D418C8588}"
EndProject
Project("{2150E333-8FDC-42A3-9474-1A3956D46DE8}") = "P10_Dependency-Injection", "P10_Dependency-Injection", "{24E81E8E-87D7-411F-ACC4-E445805E3E09}"
EndProject
Project("{FAE04EC0-301F-11D3-BF4B-00C04F79EFBC}") = "P10_Dependency-Injection", "P10_Dependency-Injection\P10_Dependency-Injection.csproj", "{D26B1120-0BA4-4925-B4F0-4B6CBB1FC67D}"
EndProject
Project("{2150E333-8FDC-42A3-9474-1A3956D46DE8}") = "P12_ViewModel-DTO", "P12_ViewModel-DTO", "{69F9DB30-066B-4FE5-800E-DAD5A44D344E}"
EndProject
Project("{FAE04EC0-301F-11D3-BF4B-00C04F79EFBC}") = "P12.01_ViewModel", "P12.01_ViewModel\P12.01_ViewModel.csproj", "{99B667B6-716B-4F9F-9A56-2B1C1B40EE23}"
EndProject
Project("{2150E333-8FDC-42A3-9474-1A3956D46DE8}") = "P13_appsettings.json-Dosyasi", "P13_appsettings.json-Dosyasi", "{60036E5D-F9C7-4F40-BD03-7CD9E0B9E1FE}"
EndProject
Project("{FAE04EC0-301F-11D3-BF4B-00C04F79EFBC}") = "P13.01_appsettings.json-Dosyasi", "P13_appsettings.json-Dosyasi\P13.01_appsettings.json-Dosyasi.csproj", "{5A19012C-4A4A-4320-93A7-AD7426A9BF12}"
EndProject
Project("{FAE04EC0-301F-11D3-BF4B-00C04F79EFBC}") = "p13.02_Options-Pattern", "p13_Options-Pattern\p13.02_Options-Pattern.csproj", "{33969674-59E0-4CC5-9B6F-938B034B3BEC}"
EndProject
Project("{2150E333-8FDC-42A3-9474-1A3956D46DE8}") = "P14_Secret-Manager-Tools", "P14_Secret-Manager-Tools", "{1B2CD41A-3C8E-4688-B881-5A03F29182E6}"
EndProject
Project("{FAE04EC0-301F-11D3-BF4B-00C04F79EFBC}") = "P14_Secret-Manager-Tools", "P14_Secret-Manager-Tools\P14_Secret-Manager-Tools.csproj", "{292CEEA6-D1A2-45C9-B85E-09DA6F37D943}"
EndProject
Project("{2150E333-8FDC-42A3-9474-1A3956D46DE8}") = "P15_Environment", "P15_Environment", "{C80E2007-EDE0-4366-84C6-2D54E8208DBF}"
EndProject
Project("{FAE04EC0-301F-11D3-BF4B-00C04F79EFBC}") = "P15_Environment", "P15_Environment\P15_Environment.csproj", "{FD591629-0784-447B-9CB1-B1B1331E4510}"
EndProject
Global
	GlobalSection(SolutionConfigurationPlatforms) = preSolution
		Debug|Any CPU = Debug|Any CPU
		Release|Any CPU = Release|Any CPU
	EndGlobalSection
	GlobalSection(ProjectConfigurationPlatforms) = postSolution
		{D6E974E3-6247-49B8-A4CF-A7FCD27E5EB5}.Debug|Any CPU.ActiveCfg = Debug|Any CPU
		{D6E974E3-6247-49B8-A4CF-A7FCD27E5EB5}.Debug|Any CPU.Build.0 = Debug|Any CPU
		{D6E974E3-6247-49B8-A4CF-A7FCD27E5EB5}.Release|Any CPU.ActiveCfg = Release|Any CPU
		{D6E974E3-6247-49B8-A4CF-A7FCD27E5EB5}.Release|Any CPU.Build.0 = Release|Any CPU
		{FDEDF555-E56E-498D-8E91-C5E64E5C624A}.Debug|Any CPU.ActiveCfg = Debug|Any CPU
		{FDEDF555-E56E-498D-8E91-C5E64E5C624A}.Debug|Any CPU.Build.0 = Debug|Any CPU
		{FDEDF555-E56E-498D-8E91-C5E64E5C624A}.Release|Any CPU.ActiveCfg = Release|Any CPU
		{FDEDF555-E56E-498D-8E91-C5E64E5C624A}.Release|Any CPU.Build.0 = Release|Any CPU
		{EE261F38-990C-4F53-9F17-6D53DA814218}.Debug|Any CPU.ActiveCfg = Debug|Any CPU
		{EE261F38-990C-4F53-9F17-6D53DA814218}.Debug|Any CPU.Build.0 = Debug|Any CPU
		{EE261F38-990C-4F53-9F17-6D53DA814218}.Release|Any CPU.ActiveCfg = Release|Any CPU
		{EE261F38-990C-4F53-9F17-6D53DA814218}.Release|Any CPU.Build.0 = Release|Any CPU
		{D03EC7E2-F99E-4AFA-9B1B-2A36C7CF849A}.Debug|Any CPU.ActiveCfg = Debug|Any CPU
		{D03EC7E2-F99E-4AFA-9B1B-2A36C7CF849A}.Debug|Any CPU.Build.0 = Debug|Any CPU
		{D03EC7E2-F99E-4AFA-9B1B-2A36C7CF849A}.Release|Any CPU.ActiveCfg = Release|Any CPU
		{D03EC7E2-F99E-4AFA-9B1B-2A36C7CF849A}.Release|Any CPU.Build.0 = Release|Any CPU
		{0F9C84EF-F9D7-45A8-876F-3B931B19E7B6}.Debug|Any CPU.ActiveCfg = Debug|Any CPU
		{0F9C84EF-F9D7-45A8-876F-3B931B19E7B6}.Debug|Any CPU.Build.0 = Debug|Any CPU
		{0F9C84EF-F9D7-45A8-876F-3B931B19E7B6}.Release|Any CPU.ActiveCfg = Release|Any CPU
		{0F9C84EF-F9D7-45A8-876F-3B931B19E7B6}.Release|Any CPU.Build.0 = Release|Any CPU
		{0774D50B-5294-46B8-918E-FEE87E29537A}.Debug|Any CPU.ActiveCfg = Debug|Any CPU
		{0774D50B-5294-46B8-918E-FEE87E29537A}.Debug|Any CPU.Build.0 = Debug|Any CPU
		{0774D50B-5294-46B8-918E-FEE87E29537A}.Release|Any CPU.ActiveCfg = Release|Any CPU
		{0774D50B-5294-46B8-918E-FEE87E29537A}.Release|Any CPU.Build.0 = Release|Any CPU
		{413BD5C3-4350-4AE5-AEA4-1A4EFBC6C4F1}.Debug|Any CPU.ActiveCfg = Debug|Any CPU
		{413BD5C3-4350-4AE5-AEA4-1A4EFBC6C4F1}.Debug|Any CPU.Build.0 = Debug|Any CPU
		{413BD5C3-4350-4AE5-AEA4-1A4EFBC6C4F1}.Release|Any CPU.ActiveCfg = Release|Any CPU
		{413BD5C3-4350-4AE5-AEA4-1A4EFBC6C4F1}.Release|Any CPU.Build.0 = Release|Any CPU
		{DCFBB296-889E-4F75-B30C-C42FFBB473ED}.Debug|Any CPU.ActiveCfg = Debug|Any CPU
		{DCFBB296-889E-4F75-B30C-C42FFBB473ED}.Debug|Any CPU.Build.0 = Debug|Any CPU
		{DCFBB296-889E-4F75-B30C-C42FFBB473ED}.Release|Any CPU.ActiveCfg = Release|Any CPU
		{DCFBB296-889E-4F75-B30C-C42FFBB473ED}.Release|Any CPU.Build.0 = Release|Any CPU
		{B075460E-C896-49E5-8F7E-6FE952227721}.Debug|Any CPU.ActiveCfg = Debug|Any CPU
		{B075460E-C896-49E5-8F7E-6FE952227721}.Debug|Any CPU.Build.0 = Debug|Any CPU
		{B075460E-C896-49E5-8F7E-6FE952227721}.Release|Any CPU.ActiveCfg = Release|Any CPU
		{B075460E-C896-49E5-8F7E-6FE952227721}.Release|Any CPU.Build.0 = Release|Any CPU
		{A4AD2986-4CA1-4309-B058-7D0516976F11}.Debug|Any CPU.ActiveCfg = Debug|Any CPU
		{A4AD2986-4CA1-4309-B058-7D0516976F11}.Debug|Any CPU.Build.0 = Debug|Any CPU
		{A4AD2986-4CA1-4309-B058-7D0516976F11}.Release|Any CPU.ActiveCfg = Release|Any CPU
		{A4AD2986-4CA1-4309-B058-7D0516976F11}.Release|Any CPU.Build.0 = Release|Any CPU
		{B442788B-09A7-4F07-8339-A960267846E0}.Debug|Any CPU.ActiveCfg = Debug|Any CPU
		{B442788B-09A7-4F07-8339-A960267846E0}.Debug|Any CPU.Build.0 = Debug|Any CPU
		{B442788B-09A7-4F07-8339-A960267846E0}.Release|Any CPU.ActiveCfg = Release|Any CPU
		{B442788B-09A7-4F07-8339-A960267846E0}.Release|Any CPU.Build.0 = Release|Any CPU
		{7BA0EA59-D9E5-4E1B-BA26-FE7F5B2CEE90}.Debug|Any CPU.ActiveCfg = Debug|Any CPU
		{7BA0EA59-D9E5-4E1B-BA26-FE7F5B2CEE90}.Debug|Any CPU.Build.0 = Debug|Any CPU
		{7BA0EA59-D9E5-4E1B-BA26-FE7F5B2CEE90}.Release|Any CPU.ActiveCfg = Release|Any CPU
		{7BA0EA59-D9E5-4E1B-BA26-FE7F5B2CEE90}.Release|Any CPU.Build.0 = Release|Any CPU
		{912ED5BC-72E1-438E-B182-99E07AD2605E}.Debug|Any CPU.ActiveCfg = Debug|Any CPU
		{912ED5BC-72E1-438E-B182-99E07AD2605E}.Debug|Any CPU.Build.0 = Debug|Any CPU
		{912ED5BC-72E1-438E-B182-99E07AD2605E}.Release|Any CPU.ActiveCfg = Release|Any CPU
		{912ED5BC-72E1-438E-B182-99E07AD2605E}.Release|Any CPU.Build.0 = Release|Any CPU
		{3CA08894-2616-4FFE-A848-C15E43C04C30}.Debug|Any CPU.ActiveCfg = Debug|Any CPU
		{3CA08894-2616-4FFE-A848-C15E43C04C30}.Debug|Any CPU.Build.0 = Debug|Any CPU
		{3CA08894-2616-4FFE-A848-C15E43C04C30}.Release|Any CPU.ActiveCfg = Release|Any CPU
		{3CA08894-2616-4FFE-A848-C15E43C04C30}.Release|Any CPU.Build.0 = Release|Any CPU
		{60461E0C-DB7D-431C-AD2A-3981B2E84600}.Debug|Any CPU.ActiveCfg = Debug|Any CPU
		{60461E0C-DB7D-431C-AD2A-3981B2E84600}.Debug|Any CPU.Build.0 = Debug|Any CPU
		{60461E0C-DB7D-431C-AD2A-3981B2E84600}.Release|Any CPU.ActiveCfg = Release|Any CPU
		{60461E0C-DB7D-431C-AD2A-3981B2E84600}.Release|Any CPU.Build.0 = Release|Any CPU
		{D110FA6D-6041-4AD6-BE7E-42D4EB6FF159}.Debug|Any CPU.ActiveCfg = Debug|Any CPU
		{D110FA6D-6041-4AD6-BE7E-42D4EB6FF159}.Debug|Any CPU.Build.0 = Debug|Any CPU
		{D110FA6D-6041-4AD6-BE7E-42D4EB6FF159}.Release|Any CPU.ActiveCfg = Release|Any CPU
		{D110FA6D-6041-4AD6-BE7E-42D4EB6FF159}.Release|Any CPU.Build.0 = Release|Any CPU
		{AA55CCA6-0485-4996-9D30-910172D15084}.Debug|Any CPU.ActiveCfg = Debug|Any CPU
		{AA55CCA6-0485-4996-9D30-910172D15084}.Debug|Any CPU.Build.0 = Debug|Any CPU
		{AA55CCA6-0485-4996-9D30-910172D15084}.Release|Any CPU.ActiveCfg = Release|Any CPU
		{AA55CCA6-0485-4996-9D30-910172D15084}.Release|Any CPU.Build.0 = Release|Any CPU
		{A849BF20-2E29-4DEE-ADA6-2AEA7E276503}.Debug|Any CPU.ActiveCfg = Debug|Any CPU
		{A849BF20-2E29-4DEE-ADA6-2AEA7E276503}.Debug|Any CPU.Build.0 = Debug|Any CPU
		{A849BF20-2E29-4DEE-ADA6-2AEA7E276503}.Release|Any CPU.ActiveCfg = Release|Any CPU
		{A849BF20-2E29-4DEE-ADA6-2AEA7E276503}.Release|Any CPU.Build.0 = Release|Any CPU
		{37B17956-96A0-402F-B01A-528D418C8588}.Debug|Any CPU.ActiveCfg = Debug|Any CPU
		{37B17956-96A0-402F-B01A-528D418C8588}.Debug|Any CPU.Build.0 = Debug|Any CPU
		{37B17956-96A0-402F-B01A-528D418C8588}.Release|Any CPU.ActiveCfg = Release|Any CPU
		{37B17956-96A0-402F-B01A-528D418C8588}.Release|Any CPU.Build.0 = Release|Any CPU
		{D26B1120-0BA4-4925-B4F0-4B6CBB1FC67D}.Debug|Any CPU.ActiveCfg = Debug|Any CPU
		{D26B1120-0BA4-4925-B4F0-4B6CBB1FC67D}.Debug|Any CPU.Build.0 = Debug|Any CPU
		{D26B1120-0BA4-4925-B4F0-4B6CBB1FC67D}.Release|Any CPU.ActiveCfg = Release|Any CPU
		{D26B1120-0BA4-4925-B4F0-4B6CBB1FC67D}.Release|Any CPU.Build.0 = Release|Any CPU
		{99B667B6-716B-4F9F-9A56-2B1C1B40EE23}.Debug|Any CPU.ActiveCfg = Debug|Any CPU
		{99B667B6-716B-4F9F-9A56-2B1C1B40EE23}.Debug|Any CPU.Build.0 = Debug|Any CPU
		{99B667B6-716B-4F9F-9A56-2B1C1B40EE23}.Release|Any CPU.ActiveCfg = Release|Any CPU
		{99B667B6-716B-4F9F-9A56-2B1C1B40EE23}.Release|Any CPU.Build.0 = Release|Any CPU
		{5A19012C-4A4A-4320-93A7-AD7426A9BF12}.Debug|Any CPU.ActiveCfg = Debug|Any CPU
		{5A19012C-4A4A-4320-93A7-AD7426A9BF12}.Debug|Any CPU.Build.0 = Debug|Any CPU
		{5A19012C-4A4A-4320-93A7-AD7426A9BF12}.Release|Any CPU.ActiveCfg = Release|Any CPU
		{5A19012C-4A4A-4320-93A7-AD7426A9BF12}.Release|Any CPU.Build.0 = Release|Any CPU
		{33969674-59E0-4CC5-9B6F-938B034B3BEC}.Debug|Any CPU.ActiveCfg = Debug|Any CPU
		{33969674-59E0-4CC5-9B6F-938B034B3BEC}.Debug|Any CPU.Build.0 = Debug|Any CPU
		{33969674-59E0-4CC5-9B6F-938B034B3BEC}.Release|Any CPU.ActiveCfg = Release|Any CPU
		{33969674-59E0-4CC5-9B6F-938B034B3BEC}.Release|Any CPU.Build.0 = Release|Any CPU
		{292CEEA6-D1A2-45C9-B85E-09DA6F37D943}.Debug|Any CPU.ActiveCfg = Debug|Any CPU
		{292CEEA6-D1A2-45C9-B85E-09DA6F37D943}.Debug|Any CPU.Build.0 = Debug|Any CPU
		{292CEEA6-D1A2-45C9-B85E-09DA6F37D943}.Release|Any CPU.ActiveCfg = Release|Any CPU
		{292CEEA6-D1A2-45C9-B85E-09DA6F37D943}.Release|Any CPU.Build.0 = Release|Any CPU
		{FD591629-0784-447B-9CB1-B1B1331E4510}.Debug|Any CPU.ActiveCfg = Debug|Any CPU
		{FD591629-0784-447B-9CB1-B1B1331E4510}.Debug|Any CPU.Build.0 = Debug|Any CPU
		{FD591629-0784-447B-9CB1-B1B1331E4510}.Release|Any CPU.ActiveCfg = Release|Any CPU
		{FD591629-0784-447B-9CB1-B1B1331E4510}.Release|Any CPU.Build.0 = Release|Any CPU
	EndGlobalSection
	GlobalSection(SolutionProperties) = preSolution
		HideSolutionNode = FALSE
	EndGlobalSection
	GlobalSection(NestedProjects) = preSolution
		{D6E974E3-6247-49B8-A4CF-A7FCD27E5EB5} = {02EA681E-C7D8-13C7-8484-4AC65E1B71E8}
		{FDEDF555-E56E-498D-8E91-C5E64E5C624A} = {02EA681E-C7D8-13C7-8484-4AC65E1B71E8}
		{EE261F38-990C-4F53-9F17-6D53DA814218} = {8667A8BC-A6DB-4B80-856A-D160D4343726}
		{D03EC7E2-F99E-4AFA-9B1B-2A36C7CF849A} = {D10C1F55-4D34-4F49-A497-30C4A5ABC5C0}
		{0F9C84EF-F9D7-45A8-876F-3B931B19E7B6} = {D10C1F55-4D34-4F49-A497-30C4A5ABC5C0}
		{0774D50B-5294-46B8-918E-FEE87E29537A} = {D10C1F55-4D34-4F49-A497-30C4A5ABC5C0}
		{413BD5C3-4350-4AE5-AEA4-1A4EFBC6C4F1} = {D10C1F55-4D34-4F49-A497-30C4A5ABC5C0}
		{0BCBC2B4-47F5-4C3B-95A4-FE9CE06CCE2B} = {D10C1F55-4D34-4F49-A497-30C4A5ABC5C0}
		{DCFBB296-889E-4F75-B30C-C42FFBB473ED} = {0BCBC2B4-47F5-4C3B-95A4-FE9CE06CCE2B}
		{B075460E-C896-49E5-8F7E-6FE952227721} = {0BCBC2B4-47F5-4C3B-95A4-FE9CE06CCE2B}
		{A4AD2986-4CA1-4309-B058-7D0516976F11} = {0BCBC2B4-47F5-4C3B-95A4-FE9CE06CCE2B}
		{B442788B-09A7-4F07-8339-A960267846E0} = {0BCBC2B4-47F5-4C3B-95A4-FE9CE06CCE2B}
		{7BA0EA59-D9E5-4E1B-BA26-FE7F5B2CEE90} = {15AA5FA5-8F2D-4B23-9DDA-55F171EFA9A4}
		{912ED5BC-72E1-438E-B182-99E07AD2605E} = {E4B2EC9B-BD67-46E8-A898-8C0F34B26F93}
		{3CA08894-2616-4FFE-A848-C15E43C04C30} = {E4B2EC9B-BD67-46E8-A898-8C0F34B26F93}
		{60461E0C-DB7D-431C-AD2A-3981B2E84600} = {96F0297A-8465-4E6D-AF52-02CDD4E9B29D}
		{D110FA6D-6041-4AD6-BE7E-42D4EB6FF159} = {96F0297A-8465-4E6D-AF52-02CDD4E9B29D}
		{AA55CCA6-0485-4996-9D30-910172D15084} = {31894294-9860-4E6F-820A-3DB2497138CC}
		{A849BF20-2E29-4DEE-ADA6-2AEA7E276503} = {31894294-9860-4E6F-820A-3DB2497138CC}
		{37B17956-96A0-402F-B01A-528D418C8588} = {E6BCDBD8-9E98-4F22-BC4A-4ABAAAD3075F}
		{D26B1120-0BA4-4925-B4F0-4B6CBB1FC67D} = {24E81E8E-87D7-411F-ACC4-E445805E3E09}
		{99B667B6-716B-4F9F-9A56-2B1C1B40EE23} = {69F9DB30-066B-4FE5-800E-DAD5A44D344E}
		{5A19012C-4A4A-4320-93A7-AD7426A9BF12} = {60036E5D-F9C7-4F40-BD03-7CD9E0B9E1FE}
		{33969674-59E0-4CC5-9B6F-938B034B3BEC} = {60036E5D-F9C7-4F40-BD03-7CD9E0B9E1FE}
		{292CEEA6-D1A2-45C9-B85E-09DA6F37D943} = {1B2CD41A-3C8E-4688-B881-5A03F29182E6}
		{FD591629-0784-447B-9CB1-B1B1331E4510} = {C80E2007-EDE0-4366-84C6-2D54E8208DBF}
	EndGlobalSection
	GlobalSection(ExtensibilityGlobals) = postSolution
		SolutionGuid = {833279B4-854C-4CDB-B1B5-8A679EF9D3EA}
	EndGlobalSection
EndGlobal
